
Microsoft Visual Studio Solution File, Format Version 12.00
# Visual Studio Version 17
VisualStudioVersion = 17.7.34031.279
MinimumVisualStudioVersion = 10.0.40219.1
Project("{9A19103F-16F7-4668-BE54-9A1E7A4F7556}") = "PulseGym.DAL", "PulseGym.DAL\PulseGym.DAL.csproj", "{7A794D1F-23ED-4C5E-93C9-49744C60E08D}"
EndProject
Project("{9A19103F-16F7-4668-BE54-9A1E7A4F7556}") = "PulseGym.Logic", "PulseGym.Logic\PulseGym.Logic.csproj", "{2C53A2B1-AEA6-41DA-9A21-28962C0FA62D}"
EndProject
Project("{9A19103F-16F7-4668-BE54-9A1E7A4F7556}") = "PulseGym.API", "PulseGym.API\PulseGym.API.csproj", "{3B70D33A-6551-406C-A89B-49D5AA4A0B1A}"
EndProject
Project("{FAE04EC0-301F-11D3-BF4B-00C04F79EFBC}") = "PulseGym.Entities", "PulseGym.Entities\PulseGym.Entities.csproj", "{FF587355-68C4-45D2-B23E-DF5AF8BE456E}"
EndProject
Global
	GlobalSection(SolutionConfigurationPlatforms) = preSolution
		Debug|Any CPU = Debug|Any CPU
		Release|Any CPU = Release|Any CPU
	EndGlobalSection
	GlobalSection(ProjectConfigurationPlatforms) = postSolution
		{7A794D1F-23ED-4C5E-93C9-49744C60E08D}.Debug|Any CPU.ActiveCfg = Debug|Any CPU
		{7A794D1F-23ED-4C5E-93C9-49744C60E08D}.Debug|Any CPU.Build.0 = Debug|Any CPU
		{7A794D1F-23ED-4C5E-93C9-49744C60E08D}.Release|Any CPU.ActiveCfg = Release|Any CPU
		{7A794D1F-23ED-4C5E-93C9-49744C60E08D}.Release|Any CPU.Build.0 = Release|Any CPU
		{2C53A2B1-AEA6-41DA-9A21-28962C0FA62D}.Debug|Any CPU.ActiveCfg = Debug|Any CPU
		{2C53A2B1-AEA6-41DA-9A21-28962C0FA62D}.Debug|Any CPU.Build.0 = Debug|Any CPU
		{2C53A2B1-AEA6-41DA-9A21-28962C0FA62D}.Release|Any CPU.ActiveCfg = Release|Any CPU
		{2C53A2B1-AEA6-41DA-9A21-28962C0FA62D}.Release|Any CPU.Build.0 = Release|Any CPU
		{3B70D33A-6551-406C-A89B-49D5AA4A0B1A}.Debug|Any CPU.ActiveCfg = Debug|Any CPU
		{3B70D33A-6551-406C-A89B-49D5AA4A0B1A}.Debug|Any CPU.Build.0 = Debug|Any CPU
		{3B70D33A-6551-406C-A89B-49D5AA4A0B1A}.Release|Any CPU.ActiveCfg = Release|Any CPU
		{3B70D33A-6551-406C-A89B-49D5AA4A0B1A}.Release|Any CPU.Build.0 = Release|Any CPU
		{FF587355-68C4-45D2-B23E-DF5AF8BE456E}.Debug|Any CPU.ActiveCfg = Debug|Any CPU
		{FF587355-68C4-45D2-B23E-DF5AF8BE456E}.Debug|Any CPU.Build.0 = Debug|Any CPU
		{FF587355-68C4-45D2-B23E-DF5AF8BE456E}.Release|Any CPU.ActiveCfg = Release|Any CPU
		{FF587355-68C4-45D2-B23E-DF5AF8BE456E}.Release|Any CPU.Build.0 = Release|Any CPU
	EndGlobalSection
	GlobalSection(SolutionProperties) = preSolution
		HideSolutionNode = FALSE
	EndGlobalSection
	GlobalSection(ExtensibilityGlobals) = postSolution
		SolutionGuid = {631ED16C-3D5F-488D-A089-368A25FCB139}
	EndGlobalSection
EndGlobal
